# generated by rye
# use `rye lock` or `rye sync` to update this lockfile
#
# last locked with the following flags:
#   pre: false
#   features: ["cb7"]
#   all-features: false
#   with-sources: false
#   generate-hashes: false
#   universal: false

-e file:.
annotated-types==0.7.0
    # via pydantic
brotli==1.1.0
    # via py7zr
certifi==2024.7.4
    # via requests
charset-normalizer==3.3.2
    # via requests
esak==1.3.2
    # via perdoo
eval-type-backport==0.2.0
    # via himon
    # via mokkari
    # via perdoo
    # via simyan
himon==0.6.1
    # via perdoo
idna==3.7
    # via requests
inflate64==1.0.0
    # via py7zr
markdown-it-py==3.0.0
    # via rich
marshmallow==3.21.3
    # via esak
mdurl==0.1.2
    # via markdown-it-py
mokkari @ git+https://github.com/Buried-In-Code/mokkari@7ce05cbde523969b4feb7b36698682711cef2d11
    # via perdoo
multivolumefile==0.2.3
    # via py7zr
natsort==8.4.0
    # via perdoo
packaging==24.1
    # via marshmallow
pillow==10.4.0
    # via perdoo
psutil==6.0.0
    # via py7zr
py7zr==0.21.1
    # via perdoo
pybcj==1.0.2
    # via py7zr
pycryptodomex==3.20.0
    # via py7zr
pydantic==2.8.2
    # via himon
    # via mokkari
    # via perdoo
    # via simyan
pydantic-core==2.20.1
    # via pydantic
pygments==2.18.0
    # via rich
pyppmd==1.1.0
    # via py7zr
pyzstd==0.16.0
    # via py7zr
rarfile==4.2
    # via perdoo
ratelimit==2.2.1
    # via himon
    # via mokkari
    # via simyan
requests==2.32.3
    # via esak
    # via himon
    # via mokkari
    # via simyan
rich==13.7.1
    # via perdoo
simyan==1.2.2
    # via perdoo
texttable==1.7.0
    # via py7zr
tomli==2.0.1
    # via perdoo
tomli-w==1.0.0
    # via perdoo
typing-extensions==4.12.2
    # via annotated-types
    # via pydantic
    # via pydantic-core
    # via rich
urllib3==2.2.2
    # via requests
xmltodict==0.13.0
    # via perdoo
